
Microsoft Visual Studio Solution File, Format Version 12.00
# Visual Studio Version 16
VisualStudioVersion = 16.0.30320.27
MinimumVisualStudioVersion = 10.0.40219.1
Project("{FAE04EC0-301F-11D3-BF4B-00C04F79EFBC}") = "StackArray", "StackArray\StackArray.csproj", "{2F295C5F-D041-4A2B-9518-B99F654090AA}"
EndProject
Global
	GlobalSection(SolutionConfigurationPlatforms) = preSolution
		Debug|Any CPU = Debug|Any CPU
		Release|Any CPU = Release|Any CPU
	EndGlobalSection
	GlobalSection(ProjectConfigurationPlatforms) = postSolution
		{2F295C5F-D041-4A2B-9518-B99F654090AA}.Debug|Any CPU.ActiveCfg = Debug|Any CPU
		{2F295C5F-D041-4A2B-9518-B99F654090AA}.Debug|Any CPU.Build.0 = Debug|Any CPU
		{2F295C5F-D041-4A2B-9518-B99F654090AA}.Release|Any CPU.ActiveCfg = Release|Any CPU
		{2F295C5F-D041-4A2B-9518-B99F654090AA}.Release|Any CPU.Build.0 = Release|Any CPU
	EndGlobalSection
	GlobalSection(SolutionProperties) = preSolution
		HideSolutionNode = FALSE
	EndGlobalSection
	GlobalSection(ExtensibilityGlobals) = postSolution
		SolutionGuid = {92A334E5-B04A-4CCB-84C2-A31D18657EDB}
	EndGlobalSection
EndGlobal
